
Microsoft Visual Studio Solution File, Format Version 12.00
# Visual Studio Version 17
VisualStudioVersion = 17.4.33213.308
MinimumVisualStudioVersion = 10.0.40219.1
Project("{FAE04EC0-301F-11D3-BF4B-00C04F79EFBC}") = "MotorcycleShowroom", "MotorcycleShowroom\MotorcycleShowroom.csproj", "{488F3C80-2547-484E-A1D3-10CE895E9F6D}"
EndProject
Global
	GlobalSection(SolutionConfigurationPlatforms) = preSolution
		Debug|Any CPU = Debug|Any CPU
		Release|Any CPU = Release|Any CPU
	EndGlobalSection
	GlobalSection(ProjectConfigurationPlatforms) = postSolution
		{488F3C80-2547-484E-A1D3-10CE895E9F6D}.Debug|Any CPU.ActiveCfg = Debug|Any CPU
		{488F3C80-2547-484E-A1D3-10CE895E9F6D}.Debug|Any CPU.Build.0 = Debug|Any CPU
		{488F3C80-2547-484E-A1D3-10CE895E9F6D}.Release|Any CPU.ActiveCfg = Release|Any CPU
		{488F3C80-2547-484E-A1D3-10CE895E9F6D}.Release|Any CPU.Build.0 = Release|Any CPU
	EndGlobalSection
	GlobalSection(SolutionProperties) = preSolution
		HideSolutionNode = FALSE
	EndGlobalSection
	GlobalSection(ExtensibilityGlobals) = postSolution
		SolutionGuid = {B5D9967B-C9D2-4709-8E6C-80C292F98347}
	EndGlobalSection
EndGlobal
